
Microsoft Visual Studio Solution File, Format Version 12.00
# Visual Studio Version 17
VisualStudioVersion = 17.6.33723.286
MinimumVisualStudioVersion = 10.0.40219.1
Project("{FAE04EC0-301F-11D3-BF4B-00C04F79EFBC}") = "Home_Work_18", "Home_Work_18\Home_Work_18.csproj", "{C31D3A13-62E1-48F0-B16C-6032E46AE601}"
EndProject
Global
	GlobalSection(SolutionConfigurationPlatforms) = preSolution
		Debug|Any CPU = Debug|Any CPU
		Release|Any CPU = Release|Any CPU
	EndGlobalSection
	GlobalSection(ProjectConfigurationPlatforms) = postSolution
		{C31D3A13-62E1-48F0-B16C-6032E46AE601}.Debug|Any CPU.ActiveCfg = Debug|Any CPU
		{C31D3A13-62E1-48F0-B16C-6032E46AE601}.Debug|Any CPU.Build.0 = Debug|Any CPU
		{C31D3A13-62E1-48F0-B16C-6032E46AE601}.Release|Any CPU.ActiveCfg = Release|Any CPU
		{C31D3A13-62E1-48F0-B16C-6032E46AE601}.Release|Any CPU.Build.0 = Release|Any CPU
	EndGlobalSection
	GlobalSection(SolutionProperties) = preSolution
		HideSolutionNode = FALSE
	EndGlobalSection
	GlobalSection(ExtensibilityGlobals) = postSolution
		SolutionGuid = {627D0FEA-EC1E-43DB-8453-86609F0DF4EB}
	EndGlobalSection
EndGlobal
